
Microsoft Visual Studio Solution File, Format Version 12.00
# Visual Studio Version 17
VisualStudioVersion = 17.14.36109.1 d17.14
MinimumVisualStudioVersion = 10.0.40219.1
Project("{FAE04EC0-301F-11D3-BF4B-00C04F79EFBC}") = "SingleResponsibility", "SingleResponsibility\SingleResponsibility.csproj", "{44F48EFA-EE10-43BB-A765-EE19B93A71D6}"
EndProject
Global
	GlobalSection(SolutionConfigurationPlatforms) = preSolution
		Debug|Any CPU = Debug|Any CPU
		Release|Any CPU = Release|Any CPU
	EndGlobalSection
	GlobalSection(ProjectConfigurationPlatforms) = postSolution
		{44F48EFA-EE10-43BB-A765-EE19B93A71D6}.Debug|Any CPU.ActiveCfg = Debug|Any CPU
		{44F48EFA-EE10-43BB-A765-EE19B93A71D6}.Debug|Any CPU.Build.0 = Debug|Any CPU
		{44F48EFA-EE10-43BB-A765-EE19B93A71D6}.Release|Any CPU.ActiveCfg = Release|Any CPU
		{44F48EFA-EE10-43BB-A765-EE19B93A71D6}.Release|Any CPU.Build.0 = Release|Any CPU
	EndGlobalSection
	GlobalSection(SolutionProperties) = preSolution
		HideSolutionNode = FALSE
	EndGlobalSection
	GlobalSection(ExtensibilityGlobals) = postSolution
		SolutionGuid = {CCEA0914-0CB0-4889-B105-34A9115CF04D}
	EndGlobalSection
EndGlobal
